
Microsoft Visual Studio Solution File, Format Version 12.00
# Visual Studio 15
VisualStudioVersion = 15.0.28010.2048
MinimumVisualStudioVersion = 10.0.40219.1
Project("{FAE04EC0-301F-11D3-BF4B-00C04F79EFBC}") = "NYF Bank", "NYF Bank\NYF Bank.csproj", "{53A4101F-A4DB-471C-B946-3131CFF6736B}"
EndProject
Global
	GlobalSection(SolutionConfigurationPlatforms) = preSolution
		Debug|Any CPU = Debug|Any CPU
		Release|Any CPU = Release|Any CPU
	EndGlobalSection
	GlobalSection(ProjectConfigurationPlatforms) = postSolution
		{53A4101F-A4DB-471C-B946-3131CFF6736B}.Debug|Any CPU.ActiveCfg = Debug|Any CPU
		{53A4101F-A4DB-471C-B946-3131CFF6736B}.Debug|Any CPU.Build.0 = Debug|Any CPU
		{53A4101F-A4DB-471C-B946-3131CFF6736B}.Release|Any CPU.ActiveCfg = Release|Any CPU
		{53A4101F-A4DB-471C-B946-3131CFF6736B}.Release|Any CPU.Build.0 = Release|Any CPU
	EndGlobalSection
	GlobalSection(SolutionProperties) = preSolution
		HideSolutionNode = FALSE
	EndGlobalSection
	GlobalSection(ExtensibilityGlobals) = postSolution
		SolutionGuid = {6BF0CD12-ACC6-4974-ABEB-D534B3748331}
	EndGlobalSection
EndGlobal
